
Microsoft Visual Studio Solution File, Format Version 12.00
# Visual Studio Version 17
VisualStudioVersion = 17.2.32616.157
MinimumVisualStudioVersion = 10.0.40219.1
Project("{FAE04EC0-301F-11D3-BF4B-00C04F79EFBC}") = "MyBatisCodeGenerator", "MyBatisCodeGenerator.csproj", "{2AAC00AC-0D49-4036-9192-DF1BF1520ED5}"
EndProject
Global
	GlobalSection(SolutionConfigurationPlatforms) = preSolution
		Debug|Any CPU = Debug|Any CPU
		Release|Any CPU = Release|Any CPU
	EndGlobalSection
	GlobalSection(ProjectConfigurationPlatforms) = postSolution
		{2AAC00AC-0D49-4036-9192-DF1BF1520ED5}.Debug|Any CPU.ActiveCfg = Debug|Any CPU
		{2AAC00AC-0D49-4036-9192-DF1BF1520ED5}.Debug|Any CPU.Build.0 = Debug|Any CPU
		{2AAC00AC-0D49-4036-9192-DF1BF1520ED5}.Release|Any CPU.ActiveCfg = Release|Any CPU
		{2AAC00AC-0D49-4036-9192-DF1BF1520ED5}.Release|Any CPU.Build.0 = Release|Any CPU
	EndGlobalSection
	GlobalSection(SolutionProperties) = preSolution
		HideSolutionNode = FALSE
	EndGlobalSection
	GlobalSection(ExtensibilityGlobals) = postSolution
		SolutionGuid = {14C64709-A52D-48EA-8A8E-ADA19318DD90}
	EndGlobalSection
EndGlobal
